
Microsoft Visual Studio Solution File, Format Version 12.00
# Visual Studio Version 16
VisualStudioVersion = 16.0.31911.196
MinimumVisualStudioVersion = 10.0.40219.1
Project("{FAE04EC0-301F-11D3-BF4B-00C04F79EFBC}") = "TimeClock", "TimeClock.csproj", "{6CC52856-5389-473C-A79F-3C5ABED5209C}"
EndProject
Global
	GlobalSection(SolutionConfigurationPlatforms) = preSolution
		Debug|Any CPU = Debug|Any CPU
		Release|Any CPU = Release|Any CPU
	EndGlobalSection
	GlobalSection(ProjectConfigurationPlatforms) = postSolution
		{6CC52856-5389-473C-A79F-3C5ABED5209C}.Debug|Any CPU.ActiveCfg = Debug|Any CPU
		{6CC52856-5389-473C-A79F-3C5ABED5209C}.Debug|Any CPU.Build.0 = Debug|Any CPU
		{6CC52856-5389-473C-A79F-3C5ABED5209C}.Release|Any CPU.ActiveCfg = Release|Any CPU
		{6CC52856-5389-473C-A79F-3C5ABED5209C}.Release|Any CPU.Build.0 = Release|Any CPU
	EndGlobalSection
	GlobalSection(SolutionProperties) = preSolution
		HideSolutionNode = FALSE
	EndGlobalSection
	GlobalSection(ExtensibilityGlobals) = postSolution
		SolutionGuid = {D662AFEE-115C-4D37-8212-29ED021B2C3B}
	EndGlobalSection
EndGlobal
